
Microsoft Visual Studio Solution File, Format Version 12.00
# Visual Studio Version 16
VisualStudioVersion = 16.0.30204.135
MinimumVisualStudioVersion = 10.0.40219.1
Project("{9A19103F-16F7-4668-BE54-9A1E7A4F7556}") = "AnagramSolver.BusinessLogic", "AnagramSolver.BusinessLogic\AnagramSolver.BusinessLogic.csproj", "{C0AA286F-1395-480C-AE72-2B665EF13B74}"
EndProject
Project("{9A19103F-16F7-4668-BE54-9A1E7A4F7556}") = "AnagramSolver.Contracts", "AnagramSolver.Contracts\AnagramSolver.Contracts.csproj", "{7188DD83-D492-4D13-BE30-FD1B9BDBA926}"
EndProject
Project("{9A19103F-16F7-4668-BE54-9A1E7A4F7556}") = "AnagramSolver.Console", "AnagramSolver.Console\AnagramSolver.Console.csproj", "{81645216-5954-4465-B5CD-3D7A666F25DC}"
EndProject
Project("{9A19103F-16F7-4668-BE54-9A1E7A4F7556}") = "AnagramSolver.Tests", "AnagramSolver.Tests\AnagramSolver.Tests.csproj", "{4CC5BA38-412E-4EFA-AC02-1861E240AFB1}"
EndProject
Project("{9A19103F-16F7-4668-BE54-9A1E7A4F7556}") = "AnagramSolver.WebApp", "AnagramSolver.WebApp\AnagramSolver.WebApp.csproj", "{24515B2B-E533-4176-B2AF-E0D329AE8155}"
EndProject
Project("{9A19103F-16F7-4668-BE54-9A1E7A4F7556}") = "AnagramSolver.EF.DatabaseFirst", "AnagramSolver.EF.DatabaseFirst\AnagramSolver.EF.DatabaseFirst.csproj", "{F3BEFDCA-4714-4D13-B478-B8C1092C45F4}"
EndProject
Project("{9A19103F-16F7-4668-BE54-9A1E7A4F7556}") = "AnagramSolver.EF.CodeFirst", "AnagramSolver.EF.CodeFirst\AnagramSolver.EF.CodeFirst.csproj", "{E63CAEA5-C1E6-45DA-96BB-E985218377DE}"
EndProject
Project("{9A19103F-16F7-4668-BE54-9A1E7A4F7556}") = "AnagramSolver.Generics", "AnagramSolver.Generics\AnagramSolver.Generics.csproj", "{51E01600-FEB8-4A86-A9A3-D35CA48F4C3F}"
EndProject
Project("{9A19103F-16F7-4668-BE54-9A1E7A4F7556}") = "AnagramSolver.SOAP", "AnagramSolver.SOAP\AnagramSolver.SOAP.csproj", "{4849ADFF-068A-4CE9-9C6F-8239AE519F03}"
EndProject
Project("{FAE04EC0-301F-11D3-BF4B-00C04F79EFBC}") = "AnagramSolver.IntegrationTests", "AnagramSolver.IntegrationTests\AnagramSolver.IntegrationTests.csproj", "{5613EB51-AE09-4691-9A84-00C816563A6B}"
EndProject
Global
	GlobalSection(SolutionConfigurationPlatforms) = preSolution
		Debug|Any CPU = Debug|Any CPU
		Release|Any CPU = Release|Any CPU
	EndGlobalSection
	GlobalSection(ProjectConfigurationPlatforms) = postSolution
		{C0AA286F-1395-480C-AE72-2B665EF13B74}.Debug|Any CPU.ActiveCfg = Debug|Any CPU
		{C0AA286F-1395-480C-AE72-2B665EF13B74}.Debug|Any CPU.Build.0 = Debug|Any CPU
		{C0AA286F-1395-480C-AE72-2B665EF13B74}.Release|Any CPU.ActiveCfg = Release|Any CPU
		{C0AA286F-1395-480C-AE72-2B665EF13B74}.Release|Any CPU.Build.0 = Release|Any CPU
		{7188DD83-D492-4D13-BE30-FD1B9BDBA926}.Debug|Any CPU.ActiveCfg = Debug|Any CPU
		{7188DD83-D492-4D13-BE30-FD1B9BDBA926}.Debug|Any CPU.Build.0 = Debug|Any CPU
		{7188DD83-D492-4D13-BE30-FD1B9BDBA926}.Release|Any CPU.ActiveCfg = Release|Any CPU
		{7188DD83-D492-4D13-BE30-FD1B9BDBA926}.Release|Any CPU.Build.0 = Release|Any CPU
		{81645216-5954-4465-B5CD-3D7A666F25DC}.Debug|Any CPU.ActiveCfg = Debug|Any CPU
		{81645216-5954-4465-B5CD-3D7A666F25DC}.Debug|Any CPU.Build.0 = Debug|Any CPU
		{81645216-5954-4465-B5CD-3D7A666F25DC}.Release|Any CPU.ActiveCfg = Release|Any CPU
		{81645216-5954-4465-B5CD-3D7A666F25DC}.Release|Any CPU.Build.0 = Release|Any CPU
		{4CC5BA38-412E-4EFA-AC02-1861E240AFB1}.Debug|Any CPU.ActiveCfg = Debug|Any CPU
		{4CC5BA38-412E-4EFA-AC02-1861E240AFB1}.Debug|Any CPU.Build.0 = Debug|Any CPU
		{4CC5BA38-412E-4EFA-AC02-1861E240AFB1}.Release|Any CPU.ActiveCfg = Release|Any CPU
		{4CC5BA38-412E-4EFA-AC02-1861E240AFB1}.Release|Any CPU.Build.0 = Release|Any CPU
		{24515B2B-E533-4176-B2AF-E0D329AE8155}.Debug|Any CPU.ActiveCfg = Debug|Any CPU
		{24515B2B-E533-4176-B2AF-E0D329AE8155}.Debug|Any CPU.Build.0 = Debug|Any CPU
		{24515B2B-E533-4176-B2AF-E0D329AE8155}.Release|Any CPU.ActiveCfg = Release|Any CPU
		{24515B2B-E533-4176-B2AF-E0D329AE8155}.Release|Any CPU.Build.0 = Release|Any CPU
		{F3BEFDCA-4714-4D13-B478-B8C1092C45F4}.Debug|Any CPU.ActiveCfg = Debug|Any CPU
		{F3BEFDCA-4714-4D13-B478-B8C1092C45F4}.Debug|Any CPU.Build.0 = Debug|Any CPU
		{F3BEFDCA-4714-4D13-B478-B8C1092C45F4}.Release|Any CPU.ActiveCfg = Release|Any CPU
		{F3BEFDCA-4714-4D13-B478-B8C1092C45F4}.Release|Any CPU.Build.0 = Release|Any CPU
		{E63CAEA5-C1E6-45DA-96BB-E985218377DE}.Debug|Any CPU.ActiveCfg = Debug|Any CPU
		{E63CAEA5-C1E6-45DA-96BB-E985218377DE}.Debug|Any CPU.Build.0 = Debug|Any CPU
		{E63CAEA5-C1E6-45DA-96BB-E985218377DE}.Release|Any CPU.ActiveCfg = Release|Any CPU
		{E63CAEA5-C1E6-45DA-96BB-E985218377DE}.Release|Any CPU.Build.0 = Release|Any CPU
		{51E01600-FEB8-4A86-A9A3-D35CA48F4C3F}.Debug|Any CPU.ActiveCfg = Debug|Any CPU
		{51E01600-FEB8-4A86-A9A3-D35CA48F4C3F}.Debug|Any CPU.Build.0 = Debug|Any CPU
		{51E01600-FEB8-4A86-A9A3-D35CA48F4C3F}.Release|Any CPU.ActiveCfg = Release|Any CPU
		{51E01600-FEB8-4A86-A9A3-D35CA48F4C3F}.Release|Any CPU.Build.0 = Release|Any CPU
		{4849ADFF-068A-4CE9-9C6F-8239AE519F03}.Debug|Any CPU.ActiveCfg = Debug|Any CPU
		{4849ADFF-068A-4CE9-9C6F-8239AE519F03}.Debug|Any CPU.Build.0 = Debug|Any CPU
		{4849ADFF-068A-4CE9-9C6F-8239AE519F03}.Release|Any CPU.ActiveCfg = Release|Any CPU
		{4849ADFF-068A-4CE9-9C6F-8239AE519F03}.Release|Any CPU.Build.0 = Release|Any CPU
		{5613EB51-AE09-4691-9A84-00C816563A6B}.Debug|Any CPU.ActiveCfg = Debug|Any CPU
		{5613EB51-AE09-4691-9A84-00C816563A6B}.Debug|Any CPU.Build.0 = Debug|Any CPU
		{5613EB51-AE09-4691-9A84-00C816563A6B}.Release|Any CPU.ActiveCfg = Release|Any CPU
		{5613EB51-AE09-4691-9A84-00C816563A6B}.Release|Any CPU.Build.0 = Release|Any CPU
	EndGlobalSection
	GlobalSection(SolutionProperties) = preSolution
		HideSolutionNode = FALSE
	EndGlobalSection
	GlobalSection(ExtensibilityGlobals) = postSolution
		SolutionGuid = {310385FA-8EDE-4109-B2DE-60448C08E169}
	EndGlobalSection
EndGlobal
